// !$*UTF8*$!
{
	archiveVersion = 1;
	classes = {
	};
	objectVersion = 56;
	objects = {

/* Begin PBXBuildFile section */
		09083D6E29D53F73001EE077 /* bookkeepingApp.swift in Sources */ = {isa = PBXBuildFile; fileRef = 09083D6D29D53F73001EE077 /* bookkeepingApp.swift */; };
		09083D7029D53F73001EE077 /* ContentView.swift in Sources */ = {isa = PBXBuildFile; fileRef = 09083D6F29D53F73001EE077 /* ContentView.swift */; };
		09083D7229D53F74001EE077 /* Assets.xcassets in Resources */ = {isa = PBXBuildFile; fileRef = 09083D7129D53F74001EE077 /* Assets.xcassets */; };
		09083D7529D53F74001EE077 /* Preview Assets.xcassets in Resources */ = {isa = PBXBuildFile; fileRef = 09083D7429D53F74001EE077 /* Preview Assets.xcassets */; };
		09083D7729D53F74001EE077 /* Persistence.swift in Sources */ = {isa = PBXBuildFile; fileRef = 09083D7629D53F74001EE077 /* Persistence.swift */; };
		09083D7A29D53F74001EE077 /* bookkeeping.xcdatamodeld in Sources */ = {isa = PBXBuildFile; fileRef = 09083D7829D53F74001EE077 /* bookkeeping.xcdatamodeld */; };
		09083D8529D53F74001EE077 /* bookkeepingTests.swift in Sources */ = {isa = PBXBuildFile; fileRef = 09083D8429D53F74001EE077 /* bookkeepingTests.swift */; };
		09083D8F29D53F74001EE077 /* bookkeepingUITests.swift in Sources */ = {isa = PBXBuildFile; fileRef = 09083D8E29D53F74001EE077 /* bookkeepingUITests.swift */; };
		09083D9129D53F74001EE077 /* bookkeepingUITestsLaunchTests.swift in Sources */ = {isa = PBXBuildFile; fileRef = 09083D9029D53F74001EE077 /* bookkeepingUITestsLaunchTests.swift */; };
		09083DA229D574D4001EE077 /* User.swift in Sources */ = {isa = PBXBuildFile; fileRef = 09083DA129D574D4001EE077 /* User.swift */; };
		091F1D4B29ED4AB700DF4B56 /* UserLedgersListView.swift in Sources */ = {isa = PBXBuildFile; fileRef = 091F1D4A29ED4AB700DF4B56 /* UserLedgersListView.swift */; };
		091F1D4D29EEB51200DF4B56 /* LedgerDetailView.swift in Sources */ = {isa = PBXBuildFile; fileRef = 091F1D4C29EEB51200DF4B56 /* LedgerDetailView.swift */; };
		091F1D4F29EEC07500DF4B56 /* RegisterView.swift in Sources */ = {isa = PBXBuildFile; fileRef = 091F1D4E29EEC07500DF4B56 /* RegisterView.swift */; };
/* End PBXBuildFile section */

/* Begin PBXContainerItemProxy section */
		09083D8129D53F74001EE077 /* PBXContainerItemProxy */ = {
			isa = PBXContainerItemProxy;
			containerPortal = 09083D6229D53F73001EE077 /* Project object */;
			proxyType = 1;
			remoteGlobalIDString = 09083D6929D53F73001EE077;
			remoteInfo = bookkeeping;
		};
		09083D8B29D53F74001EE077 /* PBXContainerItemProxy */ = {
			isa = PBXContainerItemProxy;
			containerPortal = 09083D6229D53F73001EE077 /* Project object */;
			proxyType = 1;
			remoteGlobalIDString = 09083D6929D53F73001EE077;
			remoteInfo = bookkeeping;
		};
/* End PBXContainerItemProxy section */

/* Begin PBXFileReference section */
		09083D6A29D53F73001EE077 /* bookkeeping.app */ = {isa = PBXFileReference; explicitFileType = wrapper.application; includeInIndex = 0; path = bookkeeping.app; sourceTree = BUILT_PRODUCTS_DIR; };
		09083D6D29D53F73001EE077 /* bookkeepingApp.swift */ = {isa = PBXFileReference; lastKnownFileType = sourcecode.swift; path = bookkeepingApp.swift; sourceTree = "<group>"; };
		09083D6F29D53F73001EE077 /* ContentView.swift */ = {isa = PBXFileReference; lastKnownFileType = sourcecode.swift; path = ContentView.swift; sourceTree = "<group>"; };
		09083D7129D53F74001EE077 /* Assets.xcassets */ = {isa = PBXFileReference; lastKnownFileType = folder.assetcatalog; path = Assets.xcassets; sourceTree = "<group>"; };
		09083D7429D53F74001EE077 /* Preview Assets.xcassets */ = {isa = PBXFileReference; lastKnownFileType = folder.assetcatalog; path = "Preview Assets.xcassets"; sourceTree = "<group>"; };
		09083D7629D53F74001EE077 /* Persistence.swift */ = {isa = PBXFileReference; lastKnownFileType = sourcecode.swift; path = Persistence.swift; sourceTree = "<group>"; };
		09083D7929D53F74001EE077 /* bookkeeping.xcdatamodel */ = {isa = PBXFileReference; lastKnownFileType = wrapper.xcdatamodel; path = bookkeeping.xcdatamodel; sourceTree = "<group>"; };
		09083D7B29D53F74001EE077 /* Info.plist */ = {isa = PBXFileReference; lastKnownFileType = text.plist.xml; path = Info.plist; sourceTree = "<group>"; };
		09083D8029D53F74001EE077 /* bookkeepingTests.xctest */ = {isa = PBXFileReference; explicitFileType = wrapper.cfbundle; includeInIndex = 0; path = bookkeepingTests.xctest; sourceTree = BUILT_PRODUCTS_DIR; };
		09083D8429D53F74001EE077 /* bookkeepingTests.swift */ = {isa = PBXFileReference; lastKnownFileType = sourcecode.swift; path = bookkeepingTests.swift; sourceTree = "<group>"; };
		09083D8A29D53F74001EE077 /* bookkeepingUITests.xctest */ = {isa = PBXFileReference; explicitFileType = wrapper.cfbundle; includeInIndex = 0; path = bookkeepingUITests.xctest; sourceTree = BUILT_PRODUCTS_DIR; };
		09083D8E29D53F74001EE077 /* bookkeepingUITests.swift */ = {isa = PBXFileReference; lastKnownFileType = sourcecode.swift; path = bookkeepingUITests.swift; sourceTree = "<group>"; };
		09083D9029D53F74001EE077 /* bookkeepingUITestsLaunchTests.swift */ = {isa = PBXFileReference; lastKnownFileType = sourcecode.swift; path = bookkeepingUITestsLaunchTests.swift; sourceTree = "<group>"; };
		09083DA129D574D4001EE077 /* User.swift */ = {isa = PBXFileReference; lastKnownFileType = sourcecode.swift; path = User.swift; sourceTree = "<group>"; };
		091F1D4A29ED4AB700DF4B56 /* UserLedgersListView.swift */ = {isa = PBXFileReference; lastKnownFileType = sourcecode.swift; path = UserLedgersListView.swift; sourceTree = "<group>"; };
		091F1D4C29EEB51200DF4B56 /* LedgerDetailView.swift */ = {isa = PBXFileReference; lastKnownFileType = sourcecode.swift; path = LedgerDetailView.swift; sourceTree = "<group>"; };
		091F1D4E29EEC07500DF4B56 /* RegisterView.swift */ = {isa = PBXFileReference; lastKnownFileType = sourcecode.swift; path = RegisterView.swift; sourceTree = "<group>"; };
/* End PBXFileReference section */

/* Begin PBXFrameworksBuildPhase section */
		09083D6729D53F73001EE077 /* Frameworks */ = {
			isa = PBXFrameworksBuildPhase;
			buildActionMask = 2147483647;
			files = (
			);
			runOnlyForDeploymentPostprocessing = 0;
		};
		09083D7D29D53F74001EE077 /* Frameworks */ = {
			isa = PBXFrameworksBuildPhase;
			buildActionMask = 2147483647;
			files = (
			);
			runOnlyForDeploymentPostprocessing = 0;
		};
		09083D8729D53F74001EE077 /* Frameworks */ = {
			isa = PBXFrameworksBuildPhase;
			buildActionMask = 2147483647;
			files = (
			);
			runOnlyForDeploymentPostprocessing = 0;
		};
/* End PBXFrameworksBuildPhase section */

/* Begin PBXGroup section */
		09083D6129D53F73001EE077 = {
			isa = PBXGroup;
			children = (
				09083D6C29D53F73001EE077 /* bookkeeping */,
				09083D8329D53F74001EE077 /* bookkeepingTests */,
				09083D8D29D53F74001EE077 /* bookkeepingUITests */,
				09083D6B29D53F73001EE077 /* Products */,
			);
			sourceTree = "<group>";
		};
		09083D6B29D53F73001EE077 /* Products */ = {
			isa = PBXGroup;
			children = (
				09083D6A29D53F73001EE077 /* bookkeeping.app */,
				09083D8029D53F74001EE077 /* bookkeepingTests.xctest */,
				09083D8A29D53F74001EE077 /* bookkeepingUITests.xctest */,
			);
			name = Products;
			sourceTree = "<group>";
		};
		09083D6C29D53F73001EE077 /* bookkeeping */ = {
			isa = PBXGroup;
			children = (
				09083D6D29D53F73001EE077 /* bookkeepingApp.swift */,
				09083D6F29D53F73001EE077 /* ContentView.swift */,
				091F1D4A29ED4AB700DF4B56 /* UserLedgersListView.swift */,
				091F1D4E29EEC07500DF4B56 /* RegisterView.swift */,
				091F1D4C29EEB51200DF4B56 /* LedgerDetailView.swift */,
				09083D7129D53F74001EE077 /* Assets.xcassets */,
				09083D7629D53F74001EE077 /* Persistence.swift */,
				09083D7B29D53F74001EE077 /* Info.plist */,
				09083D7829D53F74001EE077 /* bookkeeping.xcdatamodeld */,
				09083D7329D53F74001EE077 /* Preview Content */,
				09083DA129D574D4001EE077 /* User.swift */,
			);
			path = bookkeeping;
			sourceTree = "<group>";
		};
		09083D7329D53F74001EE077 /* Preview Content */ = {
			isa = PBXGroup;
			children = (
				09083D7429D53F74001EE077 /* Preview Assets.xcassets */,
			);
			path = "Preview Content";
			sourceTree = "<group>";
		};
		09083D8329D53F74001EE077 /* bookkeepingTests */ = {
			isa = PBXGroup;
			children = (
				09083D8429D53F74001EE077 /* bookkeepingTests.swift */,
			);
			path = bookkeepingTests;
			sourceTree = "<group>";
		};
		09083D8D29D53F74001EE077 /* bookkeepingUITests */ = {
			isa = PBXGroup;
			children = (
				09083D8E29D53F74001EE077 /* bookkeepingUITests.swift */,
				09083D9029D53F74001EE077 /* bookkeepingUITestsLaunchTests.swift */,
			);
			path = bookkeepingUITests;
			sourceTree = "<group>";
		};
/* End PBXGroup section */

/* Begin PBXNativeTarget section */
		09083D6929D53F73001EE077 /* bookkeeping */ = {
			isa = PBXNativeTarget;
			buildConfigurationList = 09083D9429D53F74001EE077 /* Build configuration list for PBXNativeTarget "bookkeeping" */;
			buildPhases = (
				09083D6629D53F73001EE077 /* Sources */,
				09083D6729D53F73001EE077 /* Frameworks */,
				09083D6829D53F73001EE077 /* Resources */,
			);
			buildRules = (
			);
			dependencies = (
			);
			name = bookkeeping;
			productName = bookkeeping;
			productReference = 09083D6A29D53F73001EE077 /* bookkeeping.app */;
			productType = "com.apple.product-type.application";
		};
		09083D7F29D53F74001EE077 /* bookkeepingTests */ = {
			isa = PBXNativeTarget;
			buildConfigurationList = 09083D9729D53F74001EE077 /* Build configuration list for PBXNativeTarget "bookkeepingTests" */;
			buildPhases = (
				09083D7C29D53F74001EE077 /* Sources */,
				09083D7D29D53F74001EE077 /* Frameworks */,
				09083D7E29D53F74001EE077 /* Resources */,
			);
			buildRules = (
			);
			dependencies = (
				09083D8229D53F74001EE077 /* PBXTargetDependency */,
			);
			name = bookkeepingTests;
			productName = bookkeepingTests;
			productReference = 09083D8029D53F74001EE077 /* bookkeepingTests.xctest */;
			productType = "com.apple.product-type.bundle.unit-test";
		};
		09083D8929D53F74001EE077 /* bookkeepingUITests */ = {
			isa = PBXNativeTarget;
			buildConfigurationList = 09083D9A29D53F74001EE077 /* Build configuration list for PBXNativeTarget "bookkeepingUITests" */;
			buildPhases = (
				09083D8629D53F74001EE077 /* Sources */,
				09083D8729D53F74001EE077 /* Frameworks */,
				09083D8829D53F74001EE077 /* Resources */,
			);
			buildRules = (
			);
			dependencies = (
				09083D8C29D53F74001EE077 /* PBXTargetDependency */,
			);
			name = bookkeepingUITests;
			productName = bookkeepingUITests;
			productReference = 09083D8A29D53F74001EE077 /* bookkeepingUITests.xctest */;
			productType = "com.apple.product-type.bundle.ui-testing";
		};
/* End PBXNativeTarget section */

/* Begin PBXProject section */
		09083D6229D53F73001EE077 /* Project object */ = {
			isa = PBXProject;
			attributes = {
				BuildIndependentTargetsInParallel = 1;
				LastSwiftUpdateCheck = 1420;
				LastUpgradeCheck = 1420;
				TargetAttributes = {
					09083D6929D53F73001EE077 = {
						CreatedOnToolsVersion = 14.2;
					};
					09083D7F29D53F74001EE077 = {
						CreatedOnToolsVersion = 14.2;
						TestTargetID = 09083D6929D53F73001EE077;
					};
					09083D8929D53F74001EE077 = {
						CreatedOnToolsVersion = 14.2;
						TestTargetID = 09083D6929D53F73001EE077;
					};
				};
			};
			buildConfigurationList = 09083D6529D53F73001EE077 /* Build configuration list for PBXProject "bookkeeping" */;
			compatibilityVersion = "Xcode 14.0";
			developmentRegion = en;
			hasScannedForEncodings = 0;
			knownRegions = (
				en,
				Base,
			);
			mainGroup = 09083D6129D53F73001EE077;
			productRefGroup = 09083D6B29D53F73001EE077 /* Products */;
			projectDirPath = "";
			projectRoot = "";
			targets = (
				09083D6929D53F73001EE077 /* bookkeeping */,
				09083D7F29D53F74001EE077 /* bookkeepingTests */,
				09083D8929D53F74001EE077 /* bookkeepingUITests */,
			);
		};
/* End PBXProject section */

/* Begin PBXResourcesBuildPhase section */
		09083D6829D53F73001EE077 /* Resources */ = {
			isa = PBXResourcesBuildPhase;
			buildActionMask = 2147483647;
			files = (
				09083D7529D53F74001EE077 /* Preview Assets.xcassets in Resources */,
				09083D7229D53F74001EE077 /* Assets.xcassets in Resources */,
			);
			runOnlyForDeploymentPostprocessing = 0;
		};
		09083D7E29D53F74001EE077 /* Resources */ = {
			isa = PBXResourcesBuildPhase;
			buildActionMask = 2147483647;
			files = (
			);
			runOnlyForDeploymentPostprocessing = 0;
		};
		09083D8829D53F74001EE077 /* Resources */ = {
			isa = PBXResourcesBuildPhase;
			buildActionMask = 2147483647;
			files = (
			);
			runOnlyForDeploymentPostprocessing = 0;
		};
/* End PBXResourcesBuildPhase section */

/* Begin PBXSourcesBuildPhase section */
		09083D6629D53F73001EE077 /* Sources */ = {
			isa = PBXSourcesBuildPhase;
			buildActionMask = 2147483647;
			files = (
				09083D7729D53F74001EE077 /* Persistence.swift in Sources */,
				09083D7029D53F73001EE077 /* ContentView.swift in Sources */,
				091F1D4B29ED4AB700DF4B56 /* UserLedgersListView.swift in Sources */,
				09083D7A29D53F74001EE077 /* bookkeeping.xcdatamodeld in Sources */,
				09083DA229D574D4001EE077 /* User.swift in Sources */,
				091F1D4F29EEC07500DF4B56 /* RegisterView.swift in Sources */,
				09083D6E29D53F73001EE077 /* bookkeepingApp.swift in Sources */,
				091F1D4D29EEB51200DF4B56 /* LedgerDetailView.swift in Sources */,
			);
			runOnlyForDeploymentPostprocessing = 0;
		};
		09083D7C29D53F74001EE077 /* Sources */ = {
			isa = PBXSourcesBuildPhase;
			buildActionMask = 2147483647;
			files = (
				09083D8529D53F74001EE077 /* bookkeepingTests.swift in Sources */,
			);
			runOnlyForDeploymentPostprocessing = 0;
		};
		09083D8629D53F74001EE077 /* Sources */ = {
			isa = PBXSourcesBuildPhase;
			buildActionMask = 2147483647;
			files = (
				09083D8F29D53F74001EE077 /* bookkeepingUITests.swift in Sources */,
				09083D9129D53F74001EE077 /* bookkeepingUITestsLaunchTests.swift in Sources */,
			);
			runOnlyForDeploymentPostprocessing = 0;
		};
/* End PBXSourcesBuildPhase section */

/* Begin PBXTargetDependency section */
		09083D8229D53F74001EE077 /* PBXTargetDependency */ = {
			isa = PBXTargetDependency;
			target = 09083D6929D53F73001EE077 /* bookkeeping */;
			targetProxy = 09083D8129D53F74001EE077 /* PBXContainerItemProxy */;
		};
		09083D8C29D53F74001EE077 /* PBXTargetDependency */ = {
			isa = PBXTargetDependency;
			target = 09083D6929D53F73001EE077 /* bookkeeping */;
			targetProxy = 09083D8B29D53F74001EE077 /* PBXContainerItemProxy */;
		};
/* End PBXTargetDependency section */

/* Begin XCBuildConfiguration section */
		09083D9229D53F74001EE077 /* Debug */ = {
			isa = XCBuildConfiguration;
			buildSettings = {
				ALWAYS_SEARCH_USER_PATHS = NO;
				CLANG_ANALYZER_NONNULL = YES;
				CLANG_ANALYZER_NUMBER_OBJECT_CONVERSION = YES_AGGRESSIVE;
				CLANG_CXX_LANGUAGE_STANDARD = "gnu++20";
				CLANG_ENABLE_MODULES = YES;
				CLANG_ENABLE_OBJC_ARC = YES;
				CLANG_ENABLE_OBJC_WEAK = YES;
				CLANG_WARN_BLOCK_CAPTURE_AUTORELEASING = YES;
				CLANG_WARN_BOOL_CONVERSION = YES;
				CLANG_WARN_COMMA = YES;
				CLANG_WARN_CONSTANT_CONVERSION = YES;
				CLANG_WARN_DEPRECATED_OBJC_IMPLEMENTATIONS = YES;
				CLANG_WARN_DIRECT_OBJC_ISA_USAGE = YES_ERROR;
				CLANG_WARN_DOCUMENTATION_COMMENTS = YES;
				CLANG_WARN_EMPTY_BODY = YES;
				CLANG_WARN_ENUM_CONVERSION = YES;
				CLANG_WARN_INFINITE_RECURSION = YES;
				CLANG_WARN_INT_CONVERSION = YES;
				CLANG_WARN_NON_LITERAL_NULL_CONVERSION = YES;
				CLANG_WARN_OBJC_IMPLICIT_RETAIN_SELF = YES;
				CLANG_WARN_OBJC_LITERAL_CONVERSION = YES;
				CLANG_WARN_OBJC_ROOT_CLASS = YES_ERROR;
				CLANG_WARN_QUOTED_INCLUDE_IN_FRAMEWORK_HEADER = YES;
				CLANG_WARN_RANGE_LOOP_ANALYSIS = YES;
				CLANG_WARN_STRICT_PROTOTYPES = YES;
				CLANG_WARN_SUSPICIOUS_MOVE = YES;
				CLANG_WARN_UNGUARDED_AVAILABILITY = YES_AGGRESSIVE;
				CLANG_WARN_UNREACHABLE_CODE = YES;
				CLANG_WARN__DUPLICATE_METHOD_MATCH = YES;
				COPY_PHASE_STRIP = NO;
				DEBUG_INFORMATION_FORMAT = dwarf;
				ENABLE_STRICT_OBJC_MSGSEND = YES;
				ENABLE_TESTABILITY = YES;
				GCC_C_LANGUAGE_STANDARD = gnu11;
				GCC_DYNAMIC_NO_PIC = NO;
				GCC_NO_COMMON_BLOCKS = YES;
				GCC_OPTIMIZATION_LEVEL = 0;
				GCC_PREPROCESSOR_DEFINITIONS = (
					"DEBUG=1",
					"$(inherited)",
				);
				GCC_WARN_64_TO_32_BIT_CONVERSION = YES;
				GCC_WARN_ABOUT_RETURN_TYPE = YES_ERROR;
				GCC_WARN_UNDECLARED_SELECTOR = YES;
				GCC_WARN_UNINITIALIZED_AUTOS = YES_AGGRESSIVE;
				GCC_WARN_UNUSED_FUNCTION = YES;
				GCC_WARN_UNUSED_VARIABLE = YES;
				IPHONEOS_DEPLOYMENT_TARGET = 16.2;
				MTL_ENABLE_DEBUG_INFO = INCLUDE_SOURCE;
				MTL_FAST_MATH = YES;
				ONLY_ACTIVE_ARCH = YES;
				SDKROOT = iphoneos;
				SWIFT_ACTIVE_COMPILATION_CONDITIONS = DEBUG;
				SWIFT_OPTIMIZATION_LEVEL = "-Onone";
			};
			name = Debug;
		};
		09083D9329D53F74001EE077 /* Release */ = {
			isa = XCBuildConfiguration;
			buildSettings = {
				ALWAYS_SEARCH_USER_PATHS = NO;
				CLANG_ANALYZER_NONNULL = YES;
				CLANG_ANALYZER_NUMBER_OBJECT_CONVERSION = YES_AGGRESSIVE;
				CLANG_CXX_LANGUAGE_STANDARD = "gnu++20";
				CLANG_ENABLE_MODULES = YES;
				CLANG_ENABLE_OBJC_ARC = YES;
				CLANG_ENABLE_OBJC_WEAK = YES;
				CLANG_WARN_BLOCK_CAPTURE_AUTORELEASING = YES;
				CLANG_WARN_BOOL_CONVERSION = YES;
				CLANG_WARN_COMMA = YES;
				CLANG_WARN_CONSTANT_CONVERSION = YES;
				CLANG_WARN_DEPRECATED_OBJC_IMPLEMENTATIONS = YES;
				CLANG_WARN_DIRECT_OBJC_ISA_USAGE = YES_ERROR;
				CLANG_WARN_DOCUMENTATION_COMMENTS = YES;
				CLANG_WARN_EMPTY_BODY = YES;
				CLANG_WARN_ENUM_CONVERSION = YES;
				CLANG_WARN_INFINITE_RECURSION = YES;
				CLANG_WARN_INT_CONVERSION = YES;
				CLANG_WARN_NON_LITERAL_NULL_CONVERSION = YES;
				CLANG_WARN_OBJC_IMPLICIT_RETAIN_SELF = YES;
				CLANG_WARN_OBJC_LITERAL_CONVERSION = YES;
				CLANG_WARN_OBJC_ROOT_CLASS = YES_ERROR;
				CLANG_WARN_QUOTED_INCLUDE_IN_FRAMEWORK_HEADER = YES;
				CLANG_WARN_RANGE_LOOP_ANALYSIS = YES;
				CLANG_WARN_STRICT_PROTOTYPES = YES;
				CLANG_WARN_SUSPICIOUS_MOVE = YES;
				CLANG_WARN_UNGUARDED_AVAILABILITY = YES_AGGRESSIVE;
				CLANG_WARN_UNREACHABLE_CODE = YES;
				CLANG_WARN__DUPLICATE_METHOD_MATCH = YES;
				COPY_PHASE_STRIP = NO;
				DEBUG_INFORMATION_FORMAT = "dwarf-with-dsym";
				ENABLE_NS_ASSERTIONS = NO;
				ENABLE_STRICT_OBJC_MSGSEND = YES;
				GCC_C_LANGUAGE_STANDARD = gnu11;
				GCC_NO_COMMON_BLOCKS = YES;
				GCC_WARN_64_TO_32_BIT_CONVERSION = YES;
				GCC_WARN_ABOUT_RETURN_TYPE = YES_ERROR;
				GCC_WARN_UNDECLARED_SELECTOR = YES;
				GCC_WARN_UNINITIALIZED_AUTOS = YES_AGGRESSIVE;
				GCC_WARN_UNUSED_FUNCTION = YES;
				GCC_WARN_UNUSED_VARIABLE = YES;
				IPHONEOS_DEPLOYMENT_TARGET = 16.2;
				MTL_ENABLE_DEBUG_INFO = NO;
				MTL_FAST_MATH = YES;
				SDKROOT = iphoneos;
				SWIFT_COMPILATION_MODE = wholemodule;
				SWIFT_OPTIMIZATION_LEVEL = "-O";
				VALIDATE_PRODUCT = YES;
			};
			name = Release;
		};
		09083D9529D53F74001EE077 /* Debug */ = {
			isa = XCBuildConfiguration;
			buildSettings = {
				ASSETCATALOG_COMPILER_APPICON_NAME = AppIcon;
				ASSETCATALOG_COMPILER_GLOBAL_ACCENT_COLOR_NAME = AccentColor;
				CODE_SIGN_STYLE = Automatic;
				CURRENT_PROJECT_VERSION = 1;
				DEVELOPMENT_ASSET_PATHS = "\"bookkeeping/Preview Content\"";
				DEVELOPMENT_TEAM = HRPDYZP7DY;
				ENABLE_PREVIEWS = YES;
				GENERATE_INFOPLIST_FILE = YES;
				INFOPLIST_FILE = bookkeeping/Info.plist;
				INFOPLIST_KEY_UIApplicationSupportsIndirectInputEvents = YES;
				INFOPLIST_KEY_UILaunchScreen_Generation = YES;
				INFOPLIST_KEY_UISupportedInterfaceOrientations_iPad = "UIInterfaceOrientationPortrait UIInterfaceOrientationPortraitUpsideDown UIInterfaceOrientationLandscapeLeft UIInterfaceOrientationLandscapeRight";
				INFOPLIST_KEY_UISupportedInterfaceOrientations_iPhone = "UIInterfaceOrientationPortrait UIInterfaceOrientationLandscapeLeft UIInterfaceOrientationLandscapeRight";
				LD_RUNPATH_SEARCH_PATHS = (
					"$(inherited)",
					"@executable_path/Frameworks",
				);
				MARKETING_VERSION = 1.0;
				PRODUCT_BUNDLE_IDENTIFIER = OOAD.bookkeeping;
				PRODUCT_NAME = "$(TARGET_NAME)";
				SWIFT_EMIT_LOC_STRINGS = YES;
				SWIFT_VERSION = 5.0;
				TARGETED_DEVICE_FAMILY = "1,2";
			};
			name = Debug;
		};
		09083D9629D53F74001EE077 /* Release */ = {
			isa = XCBuildConfiguration;
			buildSettings = {
				ASSETCATALOG_COMPILER_APPICON_NAME = AppIcon;
				ASSETCATALOG_COMPILER_GLOBAL_ACCENT_COLOR_NAME = AccentColor;
				CODE_SIGN_STYLE = Automatic;
				CURRENT_PROJECT_VERSION = 1;
				DEVELOPMENT_ASSET_PATHS = "\"bookkeeping/Preview Content\"";
				DEVELOPMENT_TEAM = HRPDYZP7DY;
				ENABLE_PREVIEWS = YES;
				GENERATE_INFOPLIST_FILE = YES;
				INFOPLIST_FILE = bookkeeping/Info.plist;
				INFOPLIST_KEY_UIApplicationSupportsIndirectInputEvents = YES;
				INFOPLIST_KEY_UILaunchScreen_Generation = YES;
				INFOPLIST_KEY_UISupportedInterfaceOrientations_iPad = "UIInterfaceOrientationPortrait UIInterfaceOrientationPortraitUpsideDown UIInterfaceOrientationLandscapeLeft UIInterfaceOrientationLandscapeRight";
				INFOPLIST_KEY_UISupportedInterfaceOrientations_iPhone = "UIInterfaceOrientationPortrait UIInterfaceOrientationLandscapeLeft UIInterfaceOrientationLandscapeRight";
				LD_RUNPATH_SEARCH_PATHS = (
					"$(inherited)",
					"@executable_path/Frameworks",
				);
				MARKETING_VERSION = 1.0;
				PRODUCT_BUNDLE_IDENTIFIER = OOAD.bookkeeping;
				PRODUCT_NAME = "$(TARGET_NAME)";
				SWIFT_EMIT_LOC_STRINGS = YES;
				SWIFT_VERSION = 5.0;
				TARGETED_DEVICE_FAMILY = "1,2";
			};
			name = Release;
		};
		09083D9829D53F74001EE077 /* Debug */ = {
			isa = XCBuildConfiguration;
			buildSettings = {
				ALWAYS_EMBED_SWIFT_STANDARD_LIBRARIES = YES;
				BUNDLE_LOADER = "$(TEST_HOST)";
				CODE_SIGN_STYLE = Automatic;
				CURRENT_PROJECT_VERSION = 1;
				DEVELOPMENT_TEAM = HRPDYZP7DY;
				GENERATE_INFOPLIST_FILE = YES;
				IPHONEOS_DEPLOYMENT_TARGET = 16.2;
				MARKETING_VERSION = 1.0;
				PRODUCT_BUNDLE_IDENTIFIER = OOAD.bookkeepingTests;
				PRODUCT_NAME = "$(TARGET_NAME)";
				SWIFT_EMIT_LOC_STRINGS = NO;
				SWIFT_VERSION = 5.0;
				TARGETED_DEVICE_FAMILY = "1,2";
				TEST_HOST = "$(BUILT_PRODUCTS_DIR)/bookkeeping.app/$(BUNDLE_EXECUTABLE_FOLDER_PATH)/bookkeeping";
			};
			name = Debug;
		};
		09083D9929D53F74001EE077 /* Release */ = {
			isa = XCBuildConfiguration;
			buildSettings = {
				ALWAYS_EMBED_SWIFT_STANDARD_LIBRARIES = YES;
				BUNDLE_LOADER = "$(TEST_HOST)";
				CODE_SIGN_STYLE = Automatic;
				CURRENT_PROJECT_VERSION = 1;
				DEVELOPMENT_TEAM = HRPDYZP7DY;
				GENERATE_INFOPLIST_FILE = YES;
				IPHONEOS_DEPLOYMENT_TARGET = 16.2;
				MARKETING_VERSION = 1.0;
				PRODUCT_BUNDLE_IDENTIFIER = OOAD.bookkeepingTests;
				PRODUCT_NAME = "$(TARGET_NAME)";
				SWIFT_EMIT_LOC_STRINGS = NO;
				SWIFT_VERSION = 5.0;
				TARGETED_DEVICE_FAMILY = "1,2";
				TEST_HOST = "$(BUILT_PRODUCTS_DIR)/bookkeeping.app/$(BUNDLE_EXECUTABLE_FOLDER_PATH)/bookkeeping";
			};
			name = Release;
		};
		09083D9B29D53F74001EE077 /* Debug */ = {
			isa = XCBuildConfiguration;
			buildSettings = {
				ALWAYS_EMBED_SWIFT_STANDARD_LIBRARIES = YES;
				CODE_SIGN_STYLE = Automatic;
				CURRENT_PROJECT_VERSION = 1;
				DEVELOPMENT_TEAM = HRPDYZP7DY;
				GENERATE_INFOPLIST_FILE = YES;
				MARKETING_VERSION = 1.0;
				PRODUCT_BUNDLE_IDENTIFIER = OOAD.bookkeepingUITests;
				PRODUCT_NAME = "$(TARGET_NAME)";
				SWIFT_EMIT_LOC_STRINGS = NO;
				SWIFT_VERSION = 5.0;
				TARGETED_DEVICE_FAMILY = "1,2";
				TEST_TARGET_NAME = bookkeeping;
			};
			name = Debug;
		};
		09083D9C29D53F74001EE077 /* Release */ = {
			isa = XCBuildConfiguration;
			buildSettings = {
				ALWAYS_EMBED_SWIFT_STANDARD_LIBRARIES = YES;
				CODE_SIGN_STYLE = Automatic;
				CURRENT_PROJECT_VERSION = 1;
				DEVELOPMENT_TEAM = HRPDYZP7DY;
				GENERATE_INFOPLIST_FILE = YES;
				MARKETING_VERSION = 1.0;
				PRODUCT_BUNDLE_IDENTIFIER = OOAD.bookkeepingUITests;
				PRODUCT_NAME = "$(TARGET_NAME)";
				SWIFT_EMIT_LOC_STRINGS = NO;
				SWIFT_VERSION = 5.0;
				TARGETED_DEVICE_FAMILY = "1,2";
				TEST_TARGET_NAME = bookkeeping;
			};
			name = Release;
		};
/* End XCBuildConfiguration section */

/* Begin XCConfigurationList section */
		09083D6529D53F73001EE077 /* Build configuration list for PBXProject "bookkeeping" */ = {
			isa = XCConfigurationList;
			buildConfigurations = (
				09083D9229D53F74001EE077 /* Debug */,
				09083D9329D53F74001EE077 /* Release */,
			);
			defaultConfigurationIsVisible = 0;
			defaultConfigurationName = Release;
		};
		09083D9429D53F74001EE077 /* Build configuration list for PBXNativeTarget "bookkeeping" */ = {
			isa = XCConfigurationList;
			buildConfigurations = (
				09083D9529D53F74001EE077 /* Debug */,
				09083D9629D53F74001EE077 /* Release */,
			);
			defaultConfigurationIsVisible = 0;
			defaultConfigurationName = Release;
		};
		09083D9729D53F74001EE077 /* Build configuration list for PBXNativeTarget "bookkeepingTests" */ = {
			isa = XCConfigurationList;
			buildConfigurations = (
				09083D9829D53F74001EE077 /* Debug */,
				09083D9929D53F74001EE077 /* Release */,
			);
			defaultConfigurationIsVisible = 0;
			defaultConfigurationName = Release;
		};
		09083D9A29D53F74001EE077 /* Build configuration list for PBXNativeTarget "bookkeepingUITests" */ = {
			isa = XCConfigurationList;
			buildConfigurations = (
				09083D9B29D53F74001EE077 /* Debug */,
				09083D9C29D53F74001EE077 /* Release */,
			);
			defaultConfigurationIsVisible = 0;
			defaultConfigurationName = Release;
		};
/* End XCConfigurationList section */

/* Begin XCVersionGroup section */
		09083D7829D53F74001EE077 /* bookkeeping.xcdatamodeld */ = {
			isa = XCVersionGroup;
			children = (
				09083D7929D53F74001EE077 /* bookkeeping.xcdatamodel */,
			);
			currentVersion = 09083D7929D53F74001EE077 /* bookkeeping.xcdatamodel */;
			path = bookkeeping.xcdatamodeld;
			sourceTree = "<group>";
			versionGroupType = wrapper.xcdatamodel;
		};
/* End XCVersionGroup section */
	};
	rootObject = 09083D6229D53F73001EE077 /* Project object */;
}
